
Microsoft Visual Studio Solution File, Format Version 12.00
# Visual Studio Version 17
VisualStudioVersion = 17.3.32901.215
MinimumVisualStudioVersion = 10.0.40219.1
Project("{FAE04EC0-301F-11D3-BF4B-00C04F79EFBC}") = "tictactoe", "tictactoe\tictactoe.csproj", "{DBF297CC-E63B-4EEC-8B6A-34BADFD1411C}"
EndProject
Global
	GlobalSection(SolutionConfigurationPlatforms) = preSolution
		Debug|Any CPU = Debug|Any CPU
		Release|Any CPU = Release|Any CPU
	EndGlobalSection
	GlobalSection(ProjectConfigurationPlatforms) = postSolution
		{DBF297CC-E63B-4EEC-8B6A-34BADFD1411C}.Debug|Any CPU.ActiveCfg = Debug|Any CPU
		{DBF297CC-E63B-4EEC-8B6A-34BADFD1411C}.Debug|Any CPU.Build.0 = Debug|Any CPU
		{DBF297CC-E63B-4EEC-8B6A-34BADFD1411C}.Release|Any CPU.ActiveCfg = Release|Any CPU
		{DBF297CC-E63B-4EEC-8B6A-34BADFD1411C}.Release|Any CPU.Build.0 = Release|Any CPU
	EndGlobalSection
	GlobalSection(SolutionProperties) = preSolution
		HideSolutionNode = FALSE
	EndGlobalSection
	GlobalSection(ExtensibilityGlobals) = postSolution
		SolutionGuid = {759C65A4-9EE3-484C-8313-25C369A641BB}
	EndGlobalSection
EndGlobal
